
Microsoft Visual Studio Solution File, Format Version 12.00
# Visual Studio Version 17
VisualStudioVersion = 17.5.002.0
MinimumVisualStudioVersion = 10.0.40219.1
Project("{2150E333-8FDC-42A3-9474-1A3956D46DE8}") = "packages", "packages", "{AF00DFE4-F641-402E-9F83-86E7F10822EC}"
EndProject
Project("{2150E333-8FDC-42A3-9474-1A3956D46DE8}") = "csharp", "csharp", "{59D8D326-BDDC-49BB-8D7F-E510506B978F}"
EndProject
Project("{9A19103F-16F7-4668-BE54-9A1E7A4F7556}") = "ApiDotnet", "packages\csharp\ApiDotnet\ApiDotnet.csproj", "{395D24B0-2214-4141-9AC9-AC83F5A5B901}"
EndProject
Project("{2150E333-8FDC-42A3-9474-1A3956D46DE8}") = "node_modules", "node_modules", "{261B6041-C289-4EF8-AF3D-6979FAD178D4}"
EndProject
Project("{2150E333-8FDC-42A3-9474-1A3956D46DE8}") = "sst", "sst", "{9927866C-829C-4C27-A3EB-CC625C5188F7}"
EndProject
Project("{2150E333-8FDC-42A3-9474-1A3956D46DE8}") = "support", "support", "{AB3E6352-5517-4ADE-8950-55AF957D6D68}"
EndProject
Project("{9A19103F-16F7-4668-BE54-9A1E7A4F7556}") = "dotnet-bootstrap", "node_modules\sst\support\dotnet31-bootstrap\dotnet-bootstrap.csproj", "{4582E883-3A03-41EA-B090-12A49A3F0112}"
EndProject
Project("{9A19103F-16F7-4668-BE54-9A1E7A4F7556}") = "dotnet-bootstrap (1)", "node_modules\sst\support\dotnet6-bootstrap\dotnet-bootstrap.csproj", "{465E3BD5-0163-4F2F-803F-5B361BD439F7}"
EndProject
Project("{2150E333-8FDC-42A3-9474-1A3956D46DE8}") = "sst-aws-cdk", "sst-aws-cdk", "{B055AB6B-2E82-4E54-B892-10373D1FDEBF}"
EndProject
Project("{2150E333-8FDC-42A3-9474-1A3956D46DE8}") = "lib", "lib", "{AE1081B7-84CF-4BFD-BE23-917C9F02F97B}"
EndProject
Project("{2150E333-8FDC-42A3-9474-1A3956D46DE8}") = "init-templates", "init-templates", "{75887419-AFD0-4141-BCBA-458AADE49B4F}"
EndProject
Project("{2150E333-8FDC-42A3-9474-1A3956D46DE8}") = "app", "app", "{B94F58C3-C704-4C31-BF76-78CC7F8C499D}"
EndProject
Project("{2150E333-8FDC-42A3-9474-1A3956D46DE8}") = "csharp", "csharp", "{385D36E3-BCA2-4476-8F2D-7E7D6BB3848B}"
EndProject
Project("{2150E333-8FDC-42A3-9474-1A3956D46DE8}") = "src", "src", "{C7ED4A7B-920F-4118-BB46-660A62957692}"
EndProject
Project("{9A19103F-16F7-4668-BE54-9A1E7A4F7556}") = "%name.PascalCased%.template", "node_modules\sst-aws-cdk\lib\init-templates\app\csharp\src\%name.PascalCased%\%name.PascalCased%.template.csproj", "{8AEFC780-66A9-4C23-A007-3D5E67330E59}"
EndProject
Project("{2150E333-8FDC-42A3-9474-1A3956D46DE8}") = "sample-app", "sample-app", "{6DFF9198-C51C-4FB9-B78D-2A4CCFCDD23E}"
EndProject
Project("{2150E333-8FDC-42A3-9474-1A3956D46DE8}") = "csharp", "csharp", "{AC0CB282-6CB5-4CDE-ABBF-8365246983AE}"
EndProject
Project("{2150E333-8FDC-42A3-9474-1A3956D46DE8}") = "src", "src", "{0DB261B0-DDEE-4DD6-981A-4DDB80A454FB}"
EndProject
Project("{9A19103F-16F7-4668-BE54-9A1E7A4F7556}") = "%name.PascalCased%.template", "node_modules\sst-aws-cdk\lib\init-templates\sample-app\csharp\src\%name.PascalCased%\%name.PascalCased%.template.csproj", "{2888FE8C-1337-4B6F-A675-E7FC01C14DA1}"
EndProject
Global
	GlobalSection(SolutionConfigurationPlatforms) = preSolution
		Debug|Any CPU = Debug|Any CPU
		Release|Any CPU = Release|Any CPU
	EndGlobalSection
	GlobalSection(ProjectConfigurationPlatforms) = postSolution
		{395D24B0-2214-4141-9AC9-AC83F5A5B901}.Debug|Any CPU.ActiveCfg = Debug|Any CPU
		{395D24B0-2214-4141-9AC9-AC83F5A5B901}.Debug|Any CPU.Build.0 = Debug|Any CPU
		{395D24B0-2214-4141-9AC9-AC83F5A5B901}.Release|Any CPU.ActiveCfg = Release|Any CPU
		{395D24B0-2214-4141-9AC9-AC83F5A5B901}.Release|Any CPU.Build.0 = Release|Any CPU
		{4582E883-3A03-41EA-B090-12A49A3F0112}.Debug|Any CPU.ActiveCfg = Debug|Any CPU
		{4582E883-3A03-41EA-B090-12A49A3F0112}.Debug|Any CPU.Build.0 = Debug|Any CPU
		{4582E883-3A03-41EA-B090-12A49A3F0112}.Release|Any CPU.ActiveCfg = Release|Any CPU
		{4582E883-3A03-41EA-B090-12A49A3F0112}.Release|Any CPU.Build.0 = Release|Any CPU
		{465E3BD5-0163-4F2F-803F-5B361BD439F7}.Debug|Any CPU.ActiveCfg = Debug|Any CPU
		{465E3BD5-0163-4F2F-803F-5B361BD439F7}.Debug|Any CPU.Build.0 = Debug|Any CPU
		{465E3BD5-0163-4F2F-803F-5B361BD439F7}.Release|Any CPU.ActiveCfg = Release|Any CPU
		{465E3BD5-0163-4F2F-803F-5B361BD439F7}.Release|Any CPU.Build.0 = Release|Any CPU
		{8AEFC780-66A9-4C23-A007-3D5E67330E59}.Debug|Any CPU.ActiveCfg = Debug|Any CPU
		{8AEFC780-66A9-4C23-A007-3D5E67330E59}.Debug|Any CPU.Build.0 = Debug|Any CPU
		{8AEFC780-66A9-4C23-A007-3D5E67330E59}.Release|Any CPU.ActiveCfg = Release|Any CPU
		{8AEFC780-66A9-4C23-A007-3D5E67330E59}.Release|Any CPU.Build.0 = Release|Any CPU
		{2888FE8C-1337-4B6F-A675-E7FC01C14DA1}.Debug|Any CPU.ActiveCfg = Debug|Any CPU
		{2888FE8C-1337-4B6F-A675-E7FC01C14DA1}.Debug|Any CPU.Build.0 = Debug|Any CPU
		{2888FE8C-1337-4B6F-A675-E7FC01C14DA1}.Release|Any CPU.ActiveCfg = Release|Any CPU
		{2888FE8C-1337-4B6F-A675-E7FC01C14DA1}.Release|Any CPU.Build.0 = Release|Any CPU
	EndGlobalSection
	GlobalSection(SolutionProperties) = preSolution
		HideSolutionNode = FALSE
	EndGlobalSection
	GlobalSection(NestedProjects) = preSolution
		{59D8D326-BDDC-49BB-8D7F-E510506B978F} = {AF00DFE4-F641-402E-9F83-86E7F10822EC}
		{395D24B0-2214-4141-9AC9-AC83F5A5B901} = {59D8D326-BDDC-49BB-8D7F-E510506B978F}
		{9927866C-829C-4C27-A3EB-CC625C5188F7} = {261B6041-C289-4EF8-AF3D-6979FAD178D4}
		{AB3E6352-5517-4ADE-8950-55AF957D6D68} = {9927866C-829C-4C27-A3EB-CC625C5188F7}
		{4582E883-3A03-41EA-B090-12A49A3F0112} = {AB3E6352-5517-4ADE-8950-55AF957D6D68}
		{465E3BD5-0163-4F2F-803F-5B361BD439F7} = {AB3E6352-5517-4ADE-8950-55AF957D6D68}
		{B055AB6B-2E82-4E54-B892-10373D1FDEBF} = {261B6041-C289-4EF8-AF3D-6979FAD178D4}
		{AE1081B7-84CF-4BFD-BE23-917C9F02F97B} = {B055AB6B-2E82-4E54-B892-10373D1FDEBF}
		{75887419-AFD0-4141-BCBA-458AADE49B4F} = {AE1081B7-84CF-4BFD-BE23-917C9F02F97B}
		{B94F58C3-C704-4C31-BF76-78CC7F8C499D} = {75887419-AFD0-4141-BCBA-458AADE49B4F}
		{385D36E3-BCA2-4476-8F2D-7E7D6BB3848B} = {B94F58C3-C704-4C31-BF76-78CC7F8C499D}
		{C7ED4A7B-920F-4118-BB46-660A62957692} = {385D36E3-BCA2-4476-8F2D-7E7D6BB3848B}
		{8AEFC780-66A9-4C23-A007-3D5E67330E59} = {C7ED4A7B-920F-4118-BB46-660A62957692}
		{6DFF9198-C51C-4FB9-B78D-2A4CCFCDD23E} = {75887419-AFD0-4141-BCBA-458AADE49B4F}
		{AC0CB282-6CB5-4CDE-ABBF-8365246983AE} = {6DFF9198-C51C-4FB9-B78D-2A4CCFCDD23E}
		{0DB261B0-DDEE-4DD6-981A-4DDB80A454FB} = {AC0CB282-6CB5-4CDE-ABBF-8365246983AE}
		{2888FE8C-1337-4B6F-A675-E7FC01C14DA1} = {0DB261B0-DDEE-4DD6-981A-4DDB80A454FB}
	EndGlobalSection
	GlobalSection(ExtensibilityGlobals) = postSolution
		SolutionGuid = {B4F468FA-4623-4A10-9244-AD032B170C21}
	EndGlobalSection
EndGlobal
