
Microsoft Visual Studio Solution File, Format Version 12.00
# Visual Studio Version 17
VisualStudioVersion = 17.5.002.0
MinimumVisualStudioVersion = 10.0.40219.1
Project("{2150E333-8FDC-42A3-9474-1A3956D46DE8}") = "packages", "packages", "{71A0D203-4968-4FF2-930C-D36361196BE4}"
EndProject
Project("{2150E333-8FDC-42A3-9474-1A3956D46DE8}") = "csharp", "csharp", "{A2350217-20C4-45EC-A8B2-B130FB516305}"
EndProject
Project("{9A19103F-16F7-4668-BE54-9A1E7A4F7556}") = "ApiDotnet", "packages\csharp\ApiDotnet\ApiDotnet.csproj", "{72AE1B88-1AA4-4CDE-9BB3-0D1EE66FA25D}"
EndProject
Project("{2150E333-8FDC-42A3-9474-1A3956D46DE8}") = "node_modules", "node_modules", "{3D840100-BDB5-4BF0-AD89-0CF01C9AB81D}"
EndProject
Project("{2150E333-8FDC-42A3-9474-1A3956D46DE8}") = "sst", "sst", "{C01B6C6B-95A6-445A-A284-A9927E680A45}"
EndProject
Project("{2150E333-8FDC-42A3-9474-1A3956D46DE8}") = "support", "support", "{AFB03ACE-938A-4FE9-A9DD-BA5E16BBCCE7}"
EndProject
Project("{9A19103F-16F7-4668-BE54-9A1E7A4F7556}") = "dotnet-bootstrap", "node_modules\sst\support\dotnet31-bootstrap\dotnet-bootstrap.csproj", "{9A4160CD-453E-4369-81E2-4FD30A2E65BE}"
EndProject
Project("{9A19103F-16F7-4668-BE54-9A1E7A4F7556}") = "dotnet-bootstrap (1)", "node_modules\sst\support\dotnet6-bootstrap\dotnet-bootstrap.csproj", "{36E448E8-996A-4537-8CEF-9989F44259B4}"
EndProject
Project("{2150E333-8FDC-42A3-9474-1A3956D46DE8}") = "sst-aws-cdk", "sst-aws-cdk", "{3B2D692E-4654-4C11-BB79-C784B38734D8}"
EndProject
Project("{2150E333-8FDC-42A3-9474-1A3956D46DE8}") = "lib", "lib", "{092B4A3E-03A9-472B-934B-DE9AF4864F3C}"
EndProject
Project("{2150E333-8FDC-42A3-9474-1A3956D46DE8}") = "init-templates", "init-templates", "{8BA568E9-ADBC-4E80-99C5-44AD61DCC03D}"
EndProject
Project("{2150E333-8FDC-42A3-9474-1A3956D46DE8}") = "app", "app", "{B71940BD-FF59-4300-9A24-E16EA146A892}"
EndProject
Project("{2150E333-8FDC-42A3-9474-1A3956D46DE8}") = "csharp", "csharp", "{CBFDD3DC-50A8-4639-A1C2-83004F943940}"
EndProject
Project("{2150E333-8FDC-42A3-9474-1A3956D46DE8}") = "src", "src", "{D1DEB10C-96C5-46A0-8657-0CF23465FD38}"
EndProject
Project("{9A19103F-16F7-4668-BE54-9A1E7A4F7556}") = "%name.PascalCased%.template", "node_modules\sst-aws-cdk\lib\init-templates\app\csharp\src\%name.PascalCased%\%name.PascalCased%.template.csproj", "{0C9FD7A0-2209-4496-B35A-BC296FC9D536}"
EndProject
Project("{2150E333-8FDC-42A3-9474-1A3956D46DE8}") = "sample-app", "sample-app", "{A7C2D477-5D06-477C-815E-573C3CD9CE53}"
EndProject
Project("{2150E333-8FDC-42A3-9474-1A3956D46DE8}") = "csharp", "csharp", "{AA3AF1AD-332D-4577-B153-98DE172787B9}"
EndProject
Project("{2150E333-8FDC-42A3-9474-1A3956D46DE8}") = "src", "src", "{12CE87C2-2B33-410B-B888-9119569AA64B}"
EndProject
Project("{9A19103F-16F7-4668-BE54-9A1E7A4F7556}") = "%name.PascalCased%.template", "node_modules\sst-aws-cdk\lib\init-templates\sample-app\csharp\src\%name.PascalCased%\%name.PascalCased%.template.csproj", "{D72E4027-FDBE-4EBE-9291-181B18A67546}"
EndProject
Global
	GlobalSection(SolutionConfigurationPlatforms) = preSolution
		Debug|Any CPU = Debug|Any CPU
		Release|Any CPU = Release|Any CPU
	EndGlobalSection
	GlobalSection(ProjectConfigurationPlatforms) = postSolution
		{72AE1B88-1AA4-4CDE-9BB3-0D1EE66FA25D}.Debug|Any CPU.ActiveCfg = Debug|Any CPU
		{72AE1B88-1AA4-4CDE-9BB3-0D1EE66FA25D}.Debug|Any CPU.Build.0 = Debug|Any CPU
		{72AE1B88-1AA4-4CDE-9BB3-0D1EE66FA25D}.Release|Any CPU.ActiveCfg = Release|Any CPU
		{72AE1B88-1AA4-4CDE-9BB3-0D1EE66FA25D}.Release|Any CPU.Build.0 = Release|Any CPU
		{9A4160CD-453E-4369-81E2-4FD30A2E65BE}.Debug|Any CPU.ActiveCfg = Debug|Any CPU
		{9A4160CD-453E-4369-81E2-4FD30A2E65BE}.Debug|Any CPU.Build.0 = Debug|Any CPU
		{9A4160CD-453E-4369-81E2-4FD30A2E65BE}.Release|Any CPU.ActiveCfg = Release|Any CPU
		{9A4160CD-453E-4369-81E2-4FD30A2E65BE}.Release|Any CPU.Build.0 = Release|Any CPU
		{36E448E8-996A-4537-8CEF-9989F44259B4}.Debug|Any CPU.ActiveCfg = Debug|Any CPU
		{36E448E8-996A-4537-8CEF-9989F44259B4}.Debug|Any CPU.Build.0 = Debug|Any CPU
		{36E448E8-996A-4537-8CEF-9989F44259B4}.Release|Any CPU.ActiveCfg = Release|Any CPU
		{36E448E8-996A-4537-8CEF-9989F44259B4}.Release|Any CPU.Build.0 = Release|Any CPU
		{0C9FD7A0-2209-4496-B35A-BC296FC9D536}.Debug|Any CPU.ActiveCfg = Debug|Any CPU
		{0C9FD7A0-2209-4496-B35A-BC296FC9D536}.Debug|Any CPU.Build.0 = Debug|Any CPU
		{0C9FD7A0-2209-4496-B35A-BC296FC9D536}.Release|Any CPU.ActiveCfg = Release|Any CPU
		{0C9FD7A0-2209-4496-B35A-BC296FC9D536}.Release|Any CPU.Build.0 = Release|Any CPU
		{D72E4027-FDBE-4EBE-9291-181B18A67546}.Debug|Any CPU.ActiveCfg = Debug|Any CPU
		{D72E4027-FDBE-4EBE-9291-181B18A67546}.Debug|Any CPU.Build.0 = Debug|Any CPU
		{D72E4027-FDBE-4EBE-9291-181B18A67546}.Release|Any CPU.ActiveCfg = Release|Any CPU
		{D72E4027-FDBE-4EBE-9291-181B18A67546}.Release|Any CPU.Build.0 = Release|Any CPU
	EndGlobalSection
	GlobalSection(SolutionProperties) = preSolution
		HideSolutionNode = FALSE
	EndGlobalSection
	GlobalSection(NestedProjects) = preSolution
		{A2350217-20C4-45EC-A8B2-B130FB516305} = {71A0D203-4968-4FF2-930C-D36361196BE4}
		{72AE1B88-1AA4-4CDE-9BB3-0D1EE66FA25D} = {A2350217-20C4-45EC-A8B2-B130FB516305}
		{C01B6C6B-95A6-445A-A284-A9927E680A45} = {3D840100-BDB5-4BF0-AD89-0CF01C9AB81D}
		{AFB03ACE-938A-4FE9-A9DD-BA5E16BBCCE7} = {C01B6C6B-95A6-445A-A284-A9927E680A45}
		{9A4160CD-453E-4369-81E2-4FD30A2E65BE} = {AFB03ACE-938A-4FE9-A9DD-BA5E16BBCCE7}
		{36E448E8-996A-4537-8CEF-9989F44259B4} = {AFB03ACE-938A-4FE9-A9DD-BA5E16BBCCE7}
		{3B2D692E-4654-4C11-BB79-C784B38734D8} = {3D840100-BDB5-4BF0-AD89-0CF01C9AB81D}
		{092B4A3E-03A9-472B-934B-DE9AF4864F3C} = {3B2D692E-4654-4C11-BB79-C784B38734D8}
		{8BA568E9-ADBC-4E80-99C5-44AD61DCC03D} = {092B4A3E-03A9-472B-934B-DE9AF4864F3C}
		{B71940BD-FF59-4300-9A24-E16EA146A892} = {8BA568E9-ADBC-4E80-99C5-44AD61DCC03D}
		{CBFDD3DC-50A8-4639-A1C2-83004F943940} = {B71940BD-FF59-4300-9A24-E16EA146A892}
		{D1DEB10C-96C5-46A0-8657-0CF23465FD38} = {CBFDD3DC-50A8-4639-A1C2-83004F943940}
		{0C9FD7A0-2209-4496-B35A-BC296FC9D536} = {D1DEB10C-96C5-46A0-8657-0CF23465FD38}
		{A7C2D477-5D06-477C-815E-573C3CD9CE53} = {8BA568E9-ADBC-4E80-99C5-44AD61DCC03D}
		{AA3AF1AD-332D-4577-B153-98DE172787B9} = {A7C2D477-5D06-477C-815E-573C3CD9CE53}
		{12CE87C2-2B33-410B-B888-9119569AA64B} = {AA3AF1AD-332D-4577-B153-98DE172787B9}
		{D72E4027-FDBE-4EBE-9291-181B18A67546} = {12CE87C2-2B33-410B-B888-9119569AA64B}
	EndGlobalSection
	GlobalSection(ExtensibilityGlobals) = postSolution
		SolutionGuid = {16F48B4C-844A-465B-9FBF-15F3E6498D06}
	EndGlobalSection
EndGlobal
